
Microsoft Visual Studio Solution File, Format Version 12.00
# Visual Studio Version 17
VisualStudioVersion = 17.1.32319.34
MinimumVisualStudioVersion = 10.0.40219.1
Project("{8BC9CEB8-8B4A-11D0-8D11-00A0C91BC942}") = "Homework1.1", "Homework1.1\Homework1.1.vcxproj", "{6380F5BA-40CF-496E-B8B3-D77F9D0E6302}"
EndProject
Global
	GlobalSection(SolutionConfigurationPlatforms) = preSolution
		Debug|x64 = Debug|x64
		Debug|x86 = Debug|x86
		Release|x64 = Release|x64
		Release|x86 = Release|x86
	EndGlobalSection
	GlobalSection(ProjectConfigurationPlatforms) = postSolution
		{6380F5BA-40CF-496E-B8B3-D77F9D0E6302}.Debug|x64.ActiveCfg = Debug|x64
		{6380F5BA-40CF-496E-B8B3-D77F9D0E6302}.Debug|x64.Build.0 = Debug|x64
		{6380F5BA-40CF-496E-B8B3-D77F9D0E6302}.Debug|x86.ActiveCfg = Debug|Win32
		{6380F5BA-40CF-496E-B8B3-D77F9D0E6302}.Debug|x86.Build.0 = Debug|Win32
		{6380F5BA-40CF-496E-B8B3-D77F9D0E6302}.Release|x64.ActiveCfg = Release|x64
		{6380F5BA-40CF-496E-B8B3-D77F9D0E6302}.Release|x64.Build.0 = Release|x64
		{6380F5BA-40CF-496E-B8B3-D77F9D0E6302}.Release|x86.ActiveCfg = Release|Win32
		{6380F5BA-40CF-496E-B8B3-D77F9D0E6302}.Release|x86.Build.0 = Release|Win32
	EndGlobalSection
	GlobalSection(SolutionProperties) = preSolution
		HideSolutionNode = FALSE
	EndGlobalSection
	GlobalSection(ExtensibilityGlobals) = postSolution
		SolutionGuid = {506835D4-3AE4-4DBF-9C6E-3CE8EA78A91F}
	EndGlobalSection
EndGlobal
